
Microsoft Visual Studio Solution File, Format Version 12.00
# Visual Studio Version 16
VisualStudioVersion = 16.0.30128.74
MinimumVisualStudioVersion = 10.0.40219.1
Project("{9A19103F-16F7-4668-BE54-9A1E7A4F7556}") = "ProgrammingGameApi", "ProgrammingGameApi\ProgrammingGameApi.csproj", "{71D4165D-FC9A-4117-8160-FF000EDA01DC}"
EndProject
Project("{9A19103F-16F7-4668-BE54-9A1E7A4F7556}") = "ProgrammingGameApi.Services", "Services\ProgrammingGameApi.Services.csproj", "{374FA129-F3AC-4B02-9586-55C39FB3EBB6}"
EndProject
Global
	GlobalSection(SolutionConfigurationPlatforms) = preSolution
		Debug|Any CPU = Debug|Any CPU
		Release|Any CPU = Release|Any CPU
	EndGlobalSection
	GlobalSection(ProjectConfigurationPlatforms) = postSolution
		{71D4165D-FC9A-4117-8160-FF000EDA01DC}.Debug|Any CPU.ActiveCfg = Debug|Any CPU
		{71D4165D-FC9A-4117-8160-FF000EDA01DC}.Debug|Any CPU.Build.0 = Debug|Any CPU
		{71D4165D-FC9A-4117-8160-FF000EDA01DC}.Release|Any CPU.ActiveCfg = Release|Any CPU
		{71D4165D-FC9A-4117-8160-FF000EDA01DC}.Release|Any CPU.Build.0 = Release|Any CPU
		{374FA129-F3AC-4B02-9586-55C39FB3EBB6}.Debug|Any CPU.ActiveCfg = Debug|Any CPU
		{374FA129-F3AC-4B02-9586-55C39FB3EBB6}.Debug|Any CPU.Build.0 = Debug|Any CPU
		{374FA129-F3AC-4B02-9586-55C39FB3EBB6}.Release|Any CPU.ActiveCfg = Release|Any CPU
		{374FA129-F3AC-4B02-9586-55C39FB3EBB6}.Release|Any CPU.Build.0 = Release|Any CPU
	EndGlobalSection
	GlobalSection(SolutionProperties) = preSolution
		HideSolutionNode = FALSE
	EndGlobalSection
	GlobalSection(ExtensibilityGlobals) = postSolution
		SolutionGuid = {39384BBF-A6F4-4643-911B-3D139E040FF0}
	EndGlobalSection
EndGlobal
